
Microsoft Visual Studio Solution File, Format Version 12.00
# Visual Studio Version 17
VisualStudioVersion = 17.11.35222.181
MinimumVisualStudioVersion = 10.0.40219.1
Project("{FAE04EC0-301F-11D3-BF4B-00C04F79EFBC}") = "TRACKIT 1.1", "TRACKIT 1.1\TRACKIT 1.1.csproj", "{407EC7CB-861D-4B6B-AB56-39C5AB8C6DD5}"
EndProject
Global
	GlobalSection(SolutionConfigurationPlatforms) = preSolution
		Debug|Any CPU = Debug|Any CPU
		Release|Any CPU = Release|Any CPU
	EndGlobalSection
	GlobalSection(ProjectConfigurationPlatforms) = postSolution
		{407EC7CB-861D-4B6B-AB56-39C5AB8C6DD5}.Debug|Any CPU.ActiveCfg = Debug|Any CPU
		{407EC7CB-861D-4B6B-AB56-39C5AB8C6DD5}.Debug|Any CPU.Build.0 = Debug|Any CPU
		{407EC7CB-861D-4B6B-AB56-39C5AB8C6DD5}.Release|Any CPU.ActiveCfg = Release|Any CPU
		{407EC7CB-861D-4B6B-AB56-39C5AB8C6DD5}.Release|Any CPU.Build.0 = Release|Any CPU
	EndGlobalSection
	GlobalSection(SolutionProperties) = preSolution
		HideSolutionNode = FALSE
	EndGlobalSection
	GlobalSection(ExtensibilityGlobals) = postSolution
		SolutionGuid = {C7517A7C-41A6-457B-B8BC-5E64A21CDC86}
	EndGlobalSection
EndGlobal
